
Microsoft Visual Studio Solution File, Format Version 12.00
# Visual Studio 15
VisualStudioVersion = 15.0.26430.14
MinimumVisualStudioVersion = 10.0.40219.1
Project("{D954291E-2A0B-460D-934E-DC6B0785DB48}") = "ViikonKouluruoka", "ViikonKouluruoka\ViikonKouluruoka\ViikonKouluruoka.shproj", "{A6C32861-8032-4ABA-816E-B1BB6E504E25}"
EndProject
Project("{FAE04EC0-301F-11D3-BF4B-00C04F79EFBC}") = "ViikonKouluruoka.Android", "ViikonKouluruoka\ViikonKouluruoka.Android\ViikonKouluruoka.Android.csproj", "{13708967-88DD-469C-B60E-6A214BFCA06D}"
EndProject
Project("{FAE04EC0-301F-11D3-BF4B-00C04F79EFBC}") = "ViikonKouluruoka.UWP", "ViikonKouluruoka\ViikonKouluruoka.UWP\ViikonKouluruoka.UWP.csproj", "{16DAA0BE-86B4-49B8-B576-9A191968BE09}"
EndProject
Global
	GlobalSection(SharedMSBuildProjectFiles) = preSolution
		ViikonKouluruoka\ViikonKouluruoka\ViikonKouluruoka.projitems*{13708967-88dd-469c-b60e-6a214bfca06d}*SharedItemsImports = 4
		ViikonKouluruoka\ViikonKouluruoka\ViikonKouluruoka.projitems*{16daa0be-86b4-49b8-b576-9a191968be09}*SharedItemsImports = 4
		ViikonKouluruoka\ViikonKouluruoka\ViikonKouluruoka.projitems*{a6c32861-8032-4aba-816e-b1bb6e504e25}*SharedItemsImports = 13
	EndGlobalSection
	GlobalSection(SolutionConfigurationPlatforms) = preSolution
		Ad-Hoc|Any CPU = Ad-Hoc|Any CPU
		Ad-Hoc|ARM = Ad-Hoc|ARM
		Ad-Hoc|iPhone = Ad-Hoc|iPhone
		Ad-Hoc|iPhoneSimulator = Ad-Hoc|iPhoneSimulator
		Ad-Hoc|x64 = Ad-Hoc|x64
		Ad-Hoc|x86 = Ad-Hoc|x86
		AppStore|Any CPU = AppStore|Any CPU
		AppStore|ARM = AppStore|ARM
		AppStore|iPhone = AppStore|iPhone
		AppStore|iPhoneSimulator = AppStore|iPhoneSimulator
		AppStore|x64 = AppStore|x64
		AppStore|x86 = AppStore|x86
		Debug|Any CPU = Debug|Any CPU
		Debug|ARM = Debug|ARM
		Debug|iPhone = Debug|iPhone
		Debug|iPhoneSimulator = Debug|iPhoneSimulator
		Debug|x64 = Debug|x64
		Debug|x86 = Debug|x86
		Release|Any CPU = Release|Any CPU
		Release|ARM = Release|ARM
		Release|iPhone = Release|iPhone
		Release|iPhoneSimulator = Release|iPhoneSimulator
		Release|x64 = Release|x64
		Release|x86 = Release|x86
	EndGlobalSection
	GlobalSection(ProjectConfigurationPlatforms) = postSolution
		{13708967-88DD-469C-B60E-6A214BFCA06D}.Ad-Hoc|Any CPU.ActiveCfg = Release|Any CPU
		{13708967-88DD-469C-B60E-6A214BFCA06D}.Ad-Hoc|Any CPU.Build.0 = Release|Any CPU
		{13708967-88DD-469C-B60E-6A214BFCA06D}.Ad-Hoc|Any CPU.Deploy.0 = Release|Any CPU
		{13708967-88DD-469C-B60E-6A214BFCA06D}.Ad-Hoc|ARM.ActiveCfg = Release|Any CPU
		{13708967-88DD-469C-B60E-6A214BFCA06D}.Ad-Hoc|ARM.Build.0 = Release|Any CPU
		{13708967-88DD-469C-B60E-6A214BFCA06D}.Ad-Hoc|ARM.Deploy.0 = Release|Any CPU
		{13708967-88DD-469C-B60E-6A214BFCA06D}.Ad-Hoc|iPhone.ActiveCfg = Release|Any CPU
		{13708967-88DD-469C-B60E-6A214BFCA06D}.Ad-Hoc|iPhone.Build.0 = Release|Any CPU
		{13708967-88DD-469C-B60E-6A214BFCA06D}.Ad-Hoc|iPhone.Deploy.0 = Release|Any CPU
		{13708967-88DD-469C-B60E-6A214BFCA06D}.Ad-Hoc|iPhoneSimulator.ActiveCfg = Release|Any CPU
		{13708967-88DD-469C-B60E-6A214BFCA06D}.Ad-Hoc|iPhoneSimulator.Build.0 = Release|Any CPU
		{13708967-88DD-469C-B60E-6A214BFCA06D}.Ad-Hoc|iPhoneSimulator.Deploy.0 = Release|Any CPU
		{13708967-88DD-469C-B60E-6A214BFCA06D}.Ad-Hoc|x64.ActiveCfg = Release|Any CPU
		{13708967-88DD-469C-B60E-6A214BFCA06D}.Ad-Hoc|x64.Build.0 = Release|Any CPU
		{13708967-88DD-469C-B60E-6A214BFCA06D}.Ad-Hoc|x64.Deploy.0 = Release|Any CPU
		{13708967-88DD-469C-B60E-6A214BFCA06D}.Ad-Hoc|x86.ActiveCfg = Release|Any CPU
		{13708967-88DD-469C-B60E-6A214BFCA06D}.Ad-Hoc|x86.Build.0 = Release|Any CPU
		{13708967-88DD-469C-B60E-6A214BFCA06D}.Ad-Hoc|x86.Deploy.0 = Release|Any CPU
		{13708967-88DD-469C-B60E-6A214BFCA06D}.AppStore|Any CPU.ActiveCfg = Release|Any CPU
		{13708967-88DD-469C-B60E-6A214BFCA06D}.AppStore|Any CPU.Build.0 = Release|Any CPU
		{13708967-88DD-469C-B60E-6A214BFCA06D}.AppStore|Any CPU.Deploy.0 = Release|Any CPU
		{13708967-88DD-469C-B60E-6A214BFCA06D}.AppStore|ARM.ActiveCfg = Release|Any CPU
		{13708967-88DD-469C-B60E-6A214BFCA06D}.AppStore|ARM.Build.0 = Release|Any CPU
		{13708967-88DD-469C-B60E-6A214BFCA06D}.AppStore|ARM.Deploy.0 = Release|Any CPU
		{13708967-88DD-469C-B60E-6A214BFCA06D}.AppStore|iPhone.ActiveCfg = Release|Any CPU
		{13708967-88DD-469C-B60E-6A214BFCA06D}.AppStore|iPhone.Build.0 = Release|Any CPU
		{13708967-88DD-469C-B60E-6A214BFCA06D}.AppStore|iPhone.Deploy.0 = Release|Any CPU
		{13708967-88DD-469C-B60E-6A214BFCA06D}.AppStore|iPhoneSimulator.ActiveCfg = Release|Any CPU
		{13708967-88DD-469C-B60E-6A214BFCA06D}.AppStore|iPhoneSimulator.Build.0 = Release|Any CPU
		{13708967-88DD-469C-B60E-6A214BFCA06D}.AppStore|iPhoneSimulator.Deploy.0 = Release|Any CPU
		{13708967-88DD-469C-B60E-6A214BFCA06D}.AppStore|x64.ActiveCfg = Release|Any CPU
		{13708967-88DD-469C-B60E-6A214BFCA06D}.AppStore|x64.Build.0 = Release|Any CPU
		{13708967-88DD-469C-B60E-6A214BFCA06D}.AppStore|x64.Deploy.0 = Release|Any CPU
		{13708967-88DD-469C-B60E-6A214BFCA06D}.AppStore|x86.ActiveCfg = Release|Any CPU
		{13708967-88DD-469C-B60E-6A214BFCA06D}.AppStore|x86.Build.0 = Release|Any CPU
		{13708967-88DD-469C-B60E-6A214BFCA06D}.AppStore|x86.Deploy.0 = Release|Any CPU
		{13708967-88DD-469C-B60E-6A214BFCA06D}.Debug|Any CPU.ActiveCfg = Debug|Any CPU
		{13708967-88DD-469C-B60E-6A214BFCA06D}.Debug|Any CPU.Build.0 = Debug|Any CPU
		{13708967-88DD-469C-B60E-6A214BFCA06D}.Debug|Any CPU.Deploy.0 = Debug|Any CPU
		{13708967-88DD-469C-B60E-6A214BFCA06D}.Debug|ARM.ActiveCfg = Debug|Any CPU
		{13708967-88DD-469C-B60E-6A214BFCA06D}.Debug|ARM.Build.0 = Debug|Any CPU
		{13708967-88DD-469C-B60E-6A214BFCA06D}.Debug|ARM.Deploy.0 = Debug|Any CPU
		{13708967-88DD-469C-B60E-6A214BFCA06D}.Debug|iPhone.ActiveCfg = Debug|Any CPU
		{13708967-88DD-469C-B60E-6A214BFCA06D}.Debug|iPhone.Build.0 = Debug|Any CPU
		{13708967-88DD-469C-B60E-6A214BFCA06D}.Debug|iPhone.Deploy.0 = Debug|Any CPU
		{13708967-88DD-469C-B60E-6A214BFCA06D}.Debug|iPhoneSimulator.ActiveCfg = Debug|Any CPU
		{13708967-88DD-469C-B60E-6A214BFCA06D}.Debug|iPhoneSimulator.Build.0 = Debug|Any CPU
		{13708967-88DD-469C-B60E-6A214BFCA06D}.Debug|iPhoneSimulator.Deploy.0 = Debug|Any CPU
		{13708967-88DD-469C-B60E-6A214BFCA06D}.Debug|x64.ActiveCfg = Debug|Any CPU
		{13708967-88DD-469C-B60E-6A214BFCA06D}.Debug|x64.Build.0 = Debug|Any CPU
		{13708967-88DD-469C-B60E-6A214BFCA06D}.Debug|x64.Deploy.0 = Debug|Any CPU
		{13708967-88DD-469C-B60E-6A214BFCA06D}.Debug|x86.ActiveCfg = Debug|Any CPU
		{13708967-88DD-469C-B60E-6A214BFCA06D}.Debug|x86.Build.0 = Debug|Any CPU
		{13708967-88DD-469C-B60E-6A214BFCA06D}.Debug|x86.Deploy.0 = Debug|Any CPU
		{13708967-88DD-469C-B60E-6A214BFCA06D}.Release|Any CPU.ActiveCfg = Release|Any CPU
		{13708967-88DD-469C-B60E-6A214BFCA06D}.Release|Any CPU.Build.0 = Release|Any CPU
		{13708967-88DD-469C-B60E-6A214BFCA06D}.Release|Any CPU.Deploy.0 = Release|Any CPU
		{13708967-88DD-469C-B60E-6A214BFCA06D}.Release|ARM.ActiveCfg = Release|Any CPU
		{13708967-88DD-469C-B60E-6A214BFCA06D}.Release|ARM.Build.0 = Release|Any CPU
		{13708967-88DD-469C-B60E-6A214BFCA06D}.Release|ARM.Deploy.0 = Release|Any CPU
		{13708967-88DD-469C-B60E-6A214BFCA06D}.Release|iPhone.ActiveCfg = Release|Any CPU
		{13708967-88DD-469C-B60E-6A214BFCA06D}.Release|iPhone.Build.0 = Release|Any CPU
		{13708967-88DD-469C-B60E-6A214BFCA06D}.Release|iPhone.Deploy.0 = Release|Any CPU
		{13708967-88DD-469C-B60E-6A214BFCA06D}.Release|iPhoneSimulator.ActiveCfg = Release|Any CPU
		{13708967-88DD-469C-B60E-6A214BFCA06D}.Release|iPhoneSimulator.Build.0 = Release|Any CPU
		{13708967-88DD-469C-B60E-6A214BFCA06D}.Release|iPhoneSimulator.Deploy.0 = Release|Any CPU
		{13708967-88DD-469C-B60E-6A214BFCA06D}.Release|x64.ActiveCfg = Release|Any CPU
		{13708967-88DD-469C-B60E-6A214BFCA06D}.Release|x64.Build.0 = Release|Any CPU
		{13708967-88DD-469C-B60E-6A214BFCA06D}.Release|x64.Deploy.0 = Release|Any CPU
		{13708967-88DD-469C-B60E-6A214BFCA06D}.Release|x86.ActiveCfg = Release|Any CPU
		{13708967-88DD-469C-B60E-6A214BFCA06D}.Release|x86.Build.0 = Release|Any CPU
		{13708967-88DD-469C-B60E-6A214BFCA06D}.Release|x86.Deploy.0 = Release|Any CPU
		{16DAA0BE-86B4-49B8-B576-9A191968BE09}.Ad-Hoc|Any CPU.ActiveCfg = Release|x86
		{16DAA0BE-86B4-49B8-B576-9A191968BE09}.Ad-Hoc|Any CPU.Build.0 = Release|x86
		{16DAA0BE-86B4-49B8-B576-9A191968BE09}.Ad-Hoc|Any CPU.Deploy.0 = Release|x86
		{16DAA0BE-86B4-49B8-B576-9A191968BE09}.Ad-Hoc|ARM.ActiveCfg = Release|ARM
		{16DAA0BE-86B4-49B8-B576-9A191968BE09}.Ad-Hoc|ARM.Build.0 = Release|ARM
		{16DAA0BE-86B4-49B8-B576-9A191968BE09}.Ad-Hoc|ARM.Deploy.0 = Release|ARM
		{16DAA0BE-86B4-49B8-B576-9A191968BE09}.Ad-Hoc|iPhone.ActiveCfg = Release|x86
		{16DAA0BE-86B4-49B8-B576-9A191968BE09}.Ad-Hoc|iPhone.Build.0 = Release|x86
		{16DAA0BE-86B4-49B8-B576-9A191968BE09}.Ad-Hoc|iPhone.Deploy.0 = Release|x86
		{16DAA0BE-86B4-49B8-B576-9A191968BE09}.Ad-Hoc|iPhoneSimulator.ActiveCfg = Release|x86
		{16DAA0BE-86B4-49B8-B576-9A191968BE09}.Ad-Hoc|iPhoneSimulator.Build.0 = Release|x86
		{16DAA0BE-86B4-49B8-B576-9A191968BE09}.Ad-Hoc|iPhoneSimulator.Deploy.0 = Release|x86
		{16DAA0BE-86B4-49B8-B576-9A191968BE09}.Ad-Hoc|x64.ActiveCfg = Release|x64
		{16DAA0BE-86B4-49B8-B576-9A191968BE09}.Ad-Hoc|x64.Build.0 = Release|x64
		{16DAA0BE-86B4-49B8-B576-9A191968BE09}.Ad-Hoc|x64.Deploy.0 = Release|x64
		{16DAA0BE-86B4-49B8-B576-9A191968BE09}.Ad-Hoc|x86.ActiveCfg = Release|x86
		{16DAA0BE-86B4-49B8-B576-9A191968BE09}.Ad-Hoc|x86.Build.0 = Release|x86
		{16DAA0BE-86B4-49B8-B576-9A191968BE09}.Ad-Hoc|x86.Deploy.0 = Release|x86
		{16DAA0BE-86B4-49B8-B576-9A191968BE09}.AppStore|Any CPU.ActiveCfg = Release|x86
		{16DAA0BE-86B4-49B8-B576-9A191968BE09}.AppStore|Any CPU.Build.0 = Release|x86
		{16DAA0BE-86B4-49B8-B576-9A191968BE09}.AppStore|Any CPU.Deploy.0 = Release|x86
		{16DAA0BE-86B4-49B8-B576-9A191968BE09}.AppStore|ARM.ActiveCfg = Release|ARM
		{16DAA0BE-86B4-49B8-B576-9A191968BE09}.AppStore|ARM.Build.0 = Release|ARM
		{16DAA0BE-86B4-49B8-B576-9A191968BE09}.AppStore|ARM.Deploy.0 = Release|ARM
		{16DAA0BE-86B4-49B8-B576-9A191968BE09}.AppStore|iPhone.ActiveCfg = Release|x86
		{16DAA0BE-86B4-49B8-B576-9A191968BE09}.AppStore|iPhone.Build.0 = Release|x86
		{16DAA0BE-86B4-49B8-B576-9A191968BE09}.AppStore|iPhone.Deploy.0 = Release|x86
		{16DAA0BE-86B4-49B8-B576-9A191968BE09}.AppStore|iPhoneSimulator.ActiveCfg = Release|x86
		{16DAA0BE-86B4-49B8-B576-9A191968BE09}.AppStore|iPhoneSimulator.Build.0 = Release|x86
		{16DAA0BE-86B4-49B8-B576-9A191968BE09}.AppStore|iPhoneSimulator.Deploy.0 = Release|x86
		{16DAA0BE-86B4-49B8-B576-9A191968BE09}.AppStore|x64.ActiveCfg = Release|x64
		{16DAA0BE-86B4-49B8-B576-9A191968BE09}.AppStore|x64.Build.0 = Release|x64
		{16DAA0BE-86B4-49B8-B576-9A191968BE09}.AppStore|x64.Deploy.0 = Release|x64
		{16DAA0BE-86B4-49B8-B576-9A191968BE09}.AppStore|x86.ActiveCfg = Release|x86
		{16DAA0BE-86B4-49B8-B576-9A191968BE09}.AppStore|x86.Build.0 = Release|x86
		{16DAA0BE-86B4-49B8-B576-9A191968BE09}.AppStore|x86.Deploy.0 = Release|x86
		{16DAA0BE-86B4-49B8-B576-9A191968BE09}.Debug|Any CPU.ActiveCfg = Debug|x86
		{16DAA0BE-86B4-49B8-B576-9A191968BE09}.Debug|ARM.ActiveCfg = Debug|ARM
		{16DAA0BE-86B4-49B8-B576-9A191968BE09}.Debug|ARM.Build.0 = Debug|ARM
		{16DAA0BE-86B4-49B8-B576-9A191968BE09}.Debug|ARM.Deploy.0 = Debug|ARM
		{16DAA0BE-86B4-49B8-B576-9A191968BE09}.Debug|iPhone.ActiveCfg = Debug|x86
		{16DAA0BE-86B4-49B8-B576-9A191968BE09}.Debug|iPhoneSimulator.ActiveCfg = Debug|x86
		{16DAA0BE-86B4-49B8-B576-9A191968BE09}.Debug|x64.ActiveCfg = Debug|x64
		{16DAA0BE-86B4-49B8-B576-9A191968BE09}.Debug|x64.Build.0 = Debug|x64
		{16DAA0BE-86B4-49B8-B576-9A191968BE09}.Debug|x64.Deploy.0 = Debug|x64
		{16DAA0BE-86B4-49B8-B576-9A191968BE09}.Debug|x86.ActiveCfg = Debug|x86
		{16DAA0BE-86B4-49B8-B576-9A191968BE09}.Debug|x86.Build.0 = Debug|x86
		{16DAA0BE-86B4-49B8-B576-9A191968BE09}.Debug|x86.Deploy.0 = Debug|x86
		{16DAA0BE-86B4-49B8-B576-9A191968BE09}.Release|Any CPU.ActiveCfg = Release|x86
		{16DAA0BE-86B4-49B8-B576-9A191968BE09}.Release|ARM.ActiveCfg = Release|ARM
		{16DAA0BE-86B4-49B8-B576-9A191968BE09}.Release|ARM.Build.0 = Release|ARM
		{16DAA0BE-86B4-49B8-B576-9A191968BE09}.Release|ARM.Deploy.0 = Release|ARM
		{16DAA0BE-86B4-49B8-B576-9A191968BE09}.Release|iPhone.ActiveCfg = Release|x86
		{16DAA0BE-86B4-49B8-B576-9A191968BE09}.Release|iPhoneSimulator.ActiveCfg = Release|x86
		{16DAA0BE-86B4-49B8-B576-9A191968BE09}.Release|x64.ActiveCfg = Release|x64
		{16DAA0BE-86B4-49B8-B576-9A191968BE09}.Release|x64.Build.0 = Release|x64
		{16DAA0BE-86B4-49B8-B576-9A191968BE09}.Release|x64.Deploy.0 = Release|x64
		{16DAA0BE-86B4-49B8-B576-9A191968BE09}.Release|x86.ActiveCfg = Release|x86
		{16DAA0BE-86B4-49B8-B576-9A191968BE09}.Release|x86.Build.0 = Release|x86
		{16DAA0BE-86B4-49B8-B576-9A191968BE09}.Release|x86.Deploy.0 = Release|x86
	EndGlobalSection
	GlobalSection(SolutionProperties) = preSolution
		HideSolutionNode = FALSE
	EndGlobalSection
EndGlobal
